
Microsoft Visual Studio Solution File, Format Version 12.00
# Visual Studio Version 16
VisualStudioVersion = 16.0.30413.136
MinimumVisualStudioVersion = 10.0.40219.1
Project("{FAE04EC0-301F-11D3-BF4B-00C04F79EFBC}") = "DemographicWinForms", "Demographic\DemographicWinForms.csproj", "{153A3E89-5B51-4282-8D70-648E5CB85D8F}"
EndProject
Project("{FAE04EC0-301F-11D3-BF4B-00C04F79EFBC}") = "DemographicClassLibrary", "DemographicClassLibrary\DemographicClassLibrary.csproj", "{3E5045F3-2579-43DF-A2FA-63D36E8D193E}"
EndProject
Project("{FAE04EC0-301F-11D3-BF4B-00C04F79EFBC}") = "DemographicFileOperations", "DemographicFileOperations\DemographicFileOperations.csproj", "{6C4AB8D5-A0C9-49CB-A261-FE46C01AD9AA}"
EndProject
Global
	GlobalSection(SolutionConfigurationPlatforms) = preSolution
		Debug|Any CPU = Debug|Any CPU
		Release|Any CPU = Release|Any CPU
	EndGlobalSection
	GlobalSection(ProjectConfigurationPlatforms) = postSolution
		{153A3E89-5B51-4282-8D70-648E5CB85D8F}.Debug|Any CPU.ActiveCfg = Debug|Any CPU
		{153A3E89-5B51-4282-8D70-648E5CB85D8F}.Debug|Any CPU.Build.0 = Debug|Any CPU
		{153A3E89-5B51-4282-8D70-648E5CB85D8F}.Release|Any CPU.ActiveCfg = Release|Any CPU
		{153A3E89-5B51-4282-8D70-648E5CB85D8F}.Release|Any CPU.Build.0 = Release|Any CPU
		{3E5045F3-2579-43DF-A2FA-63D36E8D193E}.Debug|Any CPU.ActiveCfg = Debug|Any CPU
		{3E5045F3-2579-43DF-A2FA-63D36E8D193E}.Debug|Any CPU.Build.0 = Debug|Any CPU
		{3E5045F3-2579-43DF-A2FA-63D36E8D193E}.Release|Any CPU.ActiveCfg = Release|Any CPU
		{3E5045F3-2579-43DF-A2FA-63D36E8D193E}.Release|Any CPU.Build.0 = Release|Any CPU
		{6C4AB8D5-A0C9-49CB-A261-FE46C01AD9AA}.Debug|Any CPU.ActiveCfg = Debug|Any CPU
		{6C4AB8D5-A0C9-49CB-A261-FE46C01AD9AA}.Debug|Any CPU.Build.0 = Debug|Any CPU
		{6C4AB8D5-A0C9-49CB-A261-FE46C01AD9AA}.Release|Any CPU.ActiveCfg = Release|Any CPU
		{6C4AB8D5-A0C9-49CB-A261-FE46C01AD9AA}.Release|Any CPU.Build.0 = Release|Any CPU
	EndGlobalSection
	GlobalSection(SolutionProperties) = preSolution
		HideSolutionNode = FALSE
	EndGlobalSection
	GlobalSection(ExtensibilityGlobals) = postSolution
		SolutionGuid = {7CC6547E-2365-413F-9819-B53960585B4C}
	EndGlobalSection
EndGlobal
