
Microsoft Visual Studio Solution File, Format Version 12.00
# Visual Studio Version 16
VisualStudioVersion = 16.0.30413.136
MinimumVisualStudioVersion = 10.0.40219.1
Project("{FAE04EC0-301F-11D3-BF4B-00C04F79EFBC}") = "LinearAlgebra", "LinearAlgebra.csproj", "{73FDF335-86CA-42A8-BBED-393E35C8DE14}"
EndProject
Project("{FAE04EC0-301F-11D3-BF4B-00C04F79EFBC}") = "VectorDemo", "..\VectorDemo\VectorDemo.csproj", "{68224F78-CA26-45E0-8201-0A0237F3A7F0}"
EndProject
Project("{FAE04EC0-301F-11D3-BF4B-00C04F79EFBC}") = "Unit Test Project", "..\Unit Test Project\Unit Test Project.csproj", "{5938005B-D6FD-4D1C-BF60-6B4F57777903}"
EndProject
Project("{FAE04EC0-301F-11D3-BF4B-00C04F79EFBC}") = "VectorException", "..\ClassLibrary1\VectorException.csproj", "{F597498C-937A-4B58-ACF2-AAB6A712C0D8}"
EndProject
Project("{FAE04EC0-301F-11D3-BF4B-00C04F79EFBC}") = "IrisVisualisationApp", "..\IrisVisualisationApp\IrisVisualisationApp.csproj", "{9B86D616-D649-4ACE-A036-97AA5C2D4E13}"
EndProject
Project("{FAE04EC0-301F-11D3-BF4B-00C04F79EFBC}") = "Clustering", "..\Clustering\Clustering.csproj", "{D7DA6E59-1398-408A-8A2A-6F6BEC81C409}"
EndProject
Project("{FAE04EC0-301F-11D3-BF4B-00C04F79EFBC}") = "ClustersPresentation", "..\ClustersPresentation\ClustersPresentation.csproj", "{BBBE365F-3FB9-4F0C-B35A-257326EE424D}"
EndProject
Global
	GlobalSection(SolutionConfigurationPlatforms) = preSolution
		Debug|Any CPU = Debug|Any CPU
		Release|Any CPU = Release|Any CPU
	EndGlobalSection
	GlobalSection(ProjectConfigurationPlatforms) = postSolution
		{73FDF335-86CA-42A8-BBED-393E35C8DE14}.Debug|Any CPU.ActiveCfg = Debug|Any CPU
		{73FDF335-86CA-42A8-BBED-393E35C8DE14}.Debug|Any CPU.Build.0 = Debug|Any CPU
		{73FDF335-86CA-42A8-BBED-393E35C8DE14}.Release|Any CPU.ActiveCfg = Release|Any CPU
		{73FDF335-86CA-42A8-BBED-393E35C8DE14}.Release|Any CPU.Build.0 = Release|Any CPU
		{68224F78-CA26-45E0-8201-0A0237F3A7F0}.Debug|Any CPU.ActiveCfg = Debug|Any CPU
		{68224F78-CA26-45E0-8201-0A0237F3A7F0}.Debug|Any CPU.Build.0 = Debug|Any CPU
		{68224F78-CA26-45E0-8201-0A0237F3A7F0}.Release|Any CPU.ActiveCfg = Release|Any CPU
		{68224F78-CA26-45E0-8201-0A0237F3A7F0}.Release|Any CPU.Build.0 = Release|Any CPU
		{5938005B-D6FD-4D1C-BF60-6B4F57777903}.Debug|Any CPU.ActiveCfg = Debug|Any CPU
		{5938005B-D6FD-4D1C-BF60-6B4F57777903}.Debug|Any CPU.Build.0 = Debug|Any CPU
		{5938005B-D6FD-4D1C-BF60-6B4F57777903}.Release|Any CPU.ActiveCfg = Release|Any CPU
		{5938005B-D6FD-4D1C-BF60-6B4F57777903}.Release|Any CPU.Build.0 = Release|Any CPU
		{F597498C-937A-4B58-ACF2-AAB6A712C0D8}.Debug|Any CPU.ActiveCfg = Debug|Any CPU
		{F597498C-937A-4B58-ACF2-AAB6A712C0D8}.Debug|Any CPU.Build.0 = Debug|Any CPU
		{F597498C-937A-4B58-ACF2-AAB6A712C0D8}.Release|Any CPU.ActiveCfg = Release|Any CPU
		{F597498C-937A-4B58-ACF2-AAB6A712C0D8}.Release|Any CPU.Build.0 = Release|Any CPU
		{9B86D616-D649-4ACE-A036-97AA5C2D4E13}.Debug|Any CPU.ActiveCfg = Debug|Any CPU
		{9B86D616-D649-4ACE-A036-97AA5C2D4E13}.Debug|Any CPU.Build.0 = Debug|Any CPU
		{9B86D616-D649-4ACE-A036-97AA5C2D4E13}.Release|Any CPU.ActiveCfg = Release|Any CPU
		{9B86D616-D649-4ACE-A036-97AA5C2D4E13}.Release|Any CPU.Build.0 = Release|Any CPU
		{D7DA6E59-1398-408A-8A2A-6F6BEC81C409}.Debug|Any CPU.ActiveCfg = Debug|Any CPU
		{D7DA6E59-1398-408A-8A2A-6F6BEC81C409}.Debug|Any CPU.Build.0 = Debug|Any CPU
		{D7DA6E59-1398-408A-8A2A-6F6BEC81C409}.Release|Any CPU.ActiveCfg = Release|Any CPU
		{D7DA6E59-1398-408A-8A2A-6F6BEC81C409}.Release|Any CPU.Build.0 = Release|Any CPU
		{BBBE365F-3FB9-4F0C-B35A-257326EE424D}.Debug|Any CPU.ActiveCfg = Debug|Any CPU
		{BBBE365F-3FB9-4F0C-B35A-257326EE424D}.Debug|Any CPU.Build.0 = Debug|Any CPU
		{BBBE365F-3FB9-4F0C-B35A-257326EE424D}.Release|Any CPU.ActiveCfg = Release|Any CPU
		{BBBE365F-3FB9-4F0C-B35A-257326EE424D}.Release|Any CPU.Build.0 = Release|Any CPU
	EndGlobalSection
	GlobalSection(SolutionProperties) = preSolution
		HideSolutionNode = FALSE
	EndGlobalSection
	GlobalSection(ExtensibilityGlobals) = postSolution
		SolutionGuid = {77D92111-4417-4F83-A1D4-8F7C86264A80}
	EndGlobalSection
EndGlobal
